
Microsoft Visual Studio Solution File, Format Version 12.00
# Visual Studio Version 16
VisualStudioVersion = 16.0.31402.337
MinimumVisualStudioVersion = 10.0.40219.1
Project("{9A19103F-16F7-4668-BE54-9A1E7A4F7556}") = "ToPdf", "ToPdf\ToPdf.csproj", "{68BA10B1-BF8A-4D6D-8751-44DA3900E8B7}"
EndProject
Project("{9A19103F-16F7-4668-BE54-9A1E7A4F7556}") = "Test", "Test\Test.csproj", "{92775904-BA79-4F61-9B91-2AE4EF5D673E}"
EndProject
Global
	GlobalSection(SolutionConfigurationPlatforms) = preSolution
		Debug|Any CPU = Debug|Any CPU
		Release|Any CPU = Release|Any CPU
	EndGlobalSection
	GlobalSection(ProjectConfigurationPlatforms) = postSolution
		{68BA10B1-BF8A-4D6D-8751-44DA3900E8B7}.Debug|Any CPU.ActiveCfg = Debug|Any CPU
		{68BA10B1-BF8A-4D6D-8751-44DA3900E8B7}.Debug|Any CPU.Build.0 = Debug|Any CPU
		{68BA10B1-BF8A-4D6D-8751-44DA3900E8B7}.Release|Any CPU.ActiveCfg = Release|Any CPU
		{68BA10B1-BF8A-4D6D-8751-44DA3900E8B7}.Release|Any CPU.Build.0 = Release|Any CPU
		{92775904-BA79-4F61-9B91-2AE4EF5D673E}.Debug|Any CPU.ActiveCfg = Debug|Any CPU
		{92775904-BA79-4F61-9B91-2AE4EF5D673E}.Debug|Any CPU.Build.0 = Debug|Any CPU
		{92775904-BA79-4F61-9B91-2AE4EF5D673E}.Release|Any CPU.ActiveCfg = Release|Any CPU
		{92775904-BA79-4F61-9B91-2AE4EF5D673E}.Release|Any CPU.Build.0 = Release|Any CPU
	EndGlobalSection
	GlobalSection(SolutionProperties) = preSolution
		HideSolutionNode = FALSE
	EndGlobalSection
	GlobalSection(ExtensibilityGlobals) = postSolution
		SolutionGuid = {0C048649-3849-49AE-BB91-D2CD73C7A8C2}
	EndGlobalSection
EndGlobal
